
Microsoft Visual Studio Solution File, Format Version 12.00
# Visual Studio Version 17
VisualStudioVersion = 17.14.36429.23 d17.14
MinimumVisualStudioVersion = 10.0.40219.1
Project("{FAE04EC0-301F-11D3-BF4B-00C04F79EFBC}") = "Test", "Test\Test.csproj", "{4FCD9798-96BE-41B9-AD49-5BF80B38A5BD}"
EndProject
Global
	GlobalSection(SolutionConfigurationPlatforms) = preSolution
		Debug|Any CPU = Debug|Any CPU
		Release|Any CPU = Release|Any CPU
	EndGlobalSection
	GlobalSection(ProjectConfigurationPlatforms) = postSolution
		{4FCD9798-96BE-41B9-AD49-5BF80B38A5BD}.Debug|Any CPU.ActiveCfg = Debug|Any CPU
		{4FCD9798-96BE-41B9-AD49-5BF80B38A5BD}.Debug|Any CPU.Build.0 = Debug|Any CPU
		{4FCD9798-96BE-41B9-AD49-5BF80B38A5BD}.Release|Any CPU.ActiveCfg = Release|Any CPU
		{4FCD9798-96BE-41B9-AD49-5BF80B38A5BD}.Release|Any CPU.Build.0 = Release|Any CPU
	EndGlobalSection
	GlobalSection(SolutionProperties) = preSolution
		HideSolutionNode = FALSE
	EndGlobalSection
	GlobalSection(ExtensibilityGlobals) = postSolution
		SolutionGuid = {4F312F39-216B-43CA-B234-2ED0B75586F3}
	EndGlobalSection
EndGlobal
